
Microsoft Visual Studio Solution File, Format Version 12.00
# Visual Studio Version 16
VisualStudioVersion = 16.0.30114.105
MinimumVisualStudioVersion = 10.0.40219.1
Project("{FAE04EC0-301F-11D3-BF4B-00C04F79EFBC}") = "R5T.Gretna.LocalFileSystem", "R5T.Gretna.LocalFileSystem\R5T.Gretna.LocalFileSystem.csproj", "{15E3C742-0E13-4BBD-AF6A-69B8421A4A0C}"
EndProject
Project("{FAE04EC0-301F-11D3-BF4B-00C04F79EFBC}") = "R5T.Gretna.LocalFileSystem.Construction", "R5T.Gretna.LocalFileSystem.Construction\R5T.Gretna.LocalFileSystem.Construction.csproj", "{9FBFCB33-1BED-45D3-BB2C-06F0583F4E70}"
EndProject
Project("{FAE04EC0-301F-11D3-BF4B-00C04F79EFBC}") = "R5T.Gretna.LocalFileSystem.Testing", "R5T.Gretna.LocalFileSystem.Testing\R5T.Gretna.LocalFileSystem.Testing.csproj", "{098FEB1C-82A3-4D24-8EAA-23165458B730}"
EndProject
Global
	GlobalSection(SolutionConfigurationPlatforms) = preSolution
		Debug|Any CPU = Debug|Any CPU
		Debug|x64 = Debug|x64
		Debug|x86 = Debug|x86
		Release|Any CPU = Release|Any CPU
		Release|x64 = Release|x64
		Release|x86 = Release|x86
	EndGlobalSection
	GlobalSection(SolutionProperties) = preSolution
		HideSolutionNode = FALSE
	EndGlobalSection
	GlobalSection(ProjectConfigurationPlatforms) = postSolution
		{15E3C742-0E13-4BBD-AF6A-69B8421A4A0C}.Debug|Any CPU.ActiveCfg = Debug|Any CPU
		{15E3C742-0E13-4BBD-AF6A-69B8421A4A0C}.Debug|Any CPU.Build.0 = Debug|Any CPU
		{15E3C742-0E13-4BBD-AF6A-69B8421A4A0C}.Debug|x64.ActiveCfg = Debug|Any CPU
		{15E3C742-0E13-4BBD-AF6A-69B8421A4A0C}.Debug|x64.Build.0 = Debug|Any CPU
		{15E3C742-0E13-4BBD-AF6A-69B8421A4A0C}.Debug|x86.ActiveCfg = Debug|Any CPU
		{15E3C742-0E13-4BBD-AF6A-69B8421A4A0C}.Debug|x86.Build.0 = Debug|Any CPU
		{15E3C742-0E13-4BBD-AF6A-69B8421A4A0C}.Release|Any CPU.ActiveCfg = Release|Any CPU
		{15E3C742-0E13-4BBD-AF6A-69B8421A4A0C}.Release|Any CPU.Build.0 = Release|Any CPU
		{15E3C742-0E13-4BBD-AF6A-69B8421A4A0C}.Release|x64.ActiveCfg = Release|Any CPU
		{15E3C742-0E13-4BBD-AF6A-69B8421A4A0C}.Release|x64.Build.0 = Release|Any CPU
		{15E3C742-0E13-4BBD-AF6A-69B8421A4A0C}.Release|x86.ActiveCfg = Release|Any CPU
		{15E3C742-0E13-4BBD-AF6A-69B8421A4A0C}.Release|x86.Build.0 = Release|Any CPU
		{9FBFCB33-1BED-45D3-BB2C-06F0583F4E70}.Debug|Any CPU.ActiveCfg = Debug|Any CPU
		{9FBFCB33-1BED-45D3-BB2C-06F0583F4E70}.Debug|Any CPU.Build.0 = Debug|Any CPU
		{9FBFCB33-1BED-45D3-BB2C-06F0583F4E70}.Debug|x64.ActiveCfg = Debug|Any CPU
		{9FBFCB33-1BED-45D3-BB2C-06F0583F4E70}.Debug|x64.Build.0 = Debug|Any CPU
		{9FBFCB33-1BED-45D3-BB2C-06F0583F4E70}.Debug|x86.ActiveCfg = Debug|Any CPU
		{9FBFCB33-1BED-45D3-BB2C-06F0583F4E70}.Debug|x86.Build.0 = Debug|Any CPU
		{9FBFCB33-1BED-45D3-BB2C-06F0583F4E70}.Release|Any CPU.ActiveCfg = Release|Any CPU
		{9FBFCB33-1BED-45D3-BB2C-06F0583F4E70}.Release|Any CPU.Build.0 = Release|Any CPU
		{9FBFCB33-1BED-45D3-BB2C-06F0583F4E70}.Release|x64.ActiveCfg = Release|Any CPU
		{9FBFCB33-1BED-45D3-BB2C-06F0583F4E70}.Release|x64.Build.0 = Release|Any CPU
		{9FBFCB33-1BED-45D3-BB2C-06F0583F4E70}.Release|x86.ActiveCfg = Release|Any CPU
		{9FBFCB33-1BED-45D3-BB2C-06F0583F4E70}.Release|x86.Build.0 = Release|Any CPU
		{098FEB1C-82A3-4D24-8EAA-23165458B730}.Debug|Any CPU.ActiveCfg = Debug|Any CPU
		{098FEB1C-82A3-4D24-8EAA-23165458B730}.Debug|Any CPU.Build.0 = Debug|Any CPU
		{098FEB1C-82A3-4D24-8EAA-23165458B730}.Debug|x64.ActiveCfg = Debug|Any CPU
		{098FEB1C-82A3-4D24-8EAA-23165458B730}.Debug|x64.Build.0 = Debug|Any CPU
		{098FEB1C-82A3-4D24-8EAA-23165458B730}.Debug|x86.ActiveCfg = Debug|Any CPU
		{098FEB1C-82A3-4D24-8EAA-23165458B730}.Debug|x86.Build.0 = Debug|Any CPU
		{098FEB1C-82A3-4D24-8EAA-23165458B730}.Release|Any CPU.ActiveCfg = Release|Any CPU
		{098FEB1C-82A3-4D24-8EAA-23165458B730}.Release|Any CPU.Build.0 = Release|Any CPU
		{098FEB1C-82A3-4D24-8EAA-23165458B730}.Release|x64.ActiveCfg = Release|Any CPU
		{098FEB1C-82A3-4D24-8EAA-23165458B730}.Release|x64.Build.0 = Release|Any CPU
		{098FEB1C-82A3-4D24-8EAA-23165458B730}.Release|x86.ActiveCfg = Release|Any CPU
		{098FEB1C-82A3-4D24-8EAA-23165458B730}.Release|x86.Build.0 = Release|Any CPU
	EndGlobalSection
EndGlobal
