
Microsoft Visual Studio Solution File, Format Version 12.00
# Visual Studio 15
VisualStudioVersion = 15.0.26124.0
MinimumVisualStudioVersion = 15.0.26124.0
Project("{9A19103F-16F7-4668-BE54-9A1E7A4F7556}") = "R5T.Gretna.LocalFileSystem.Construction", "R5T.Gretna.LocalFileSystem.Construction\R5T.Gretna.LocalFileSystem.Construction.csproj", "{30E6C5FA-DE47-425D-A72B-AEC813152ADA}"
EndProject
Project("{9A19103F-16F7-4668-BE54-9A1E7A4F7556}") = "R5T.Gretna.LocalFileSystem", "R5T.Gretna.LocalFileSystem\R5T.Gretna.LocalFileSystem.csproj", "{657C77EC-91F2-42A3-A053-C7AF17E9CA63}"
EndProject
Project("{9A19103F-16F7-4668-BE54-9A1E7A4F7556}") = "R5T.Gretna.LocalFileSystem.Testing", "R5T.Gretna.LocalFileSystem.Testing\R5T.Gretna.LocalFileSystem.Testing.csproj", "{853A4492-87BE-4460-B7C6-B6C2ADF9231B}"
EndProject
Project("{2150E333-8FDC-42A3-9474-1A3956D46DE8}") = "_Dependencies", "_Dependencies", "{C026A6D1-61C3-48BC-BDF6-4DA28760EDE3}"
EndProject
Project("{9A19103F-16F7-4668-BE54-9A1E7A4F7556}") = "R5T.Gretna.Base", "..\..\R5T.Gretna.Base\source\R5T.Gretna.Base\R5T.Gretna.Base.csproj", "{FD837E30-E1E7-4100-B00C-021E260239DE}"
EndProject
Project("{9A19103F-16F7-4668-BE54-9A1E7A4F7556}") = "R5T.Francia", "..\..\R5T.Francia\source\R5T.Francia\R5T.Francia.csproj", "{70BF711A-68BF-40BB-A207-A44A0492A855}"
EndProject
Project("{9A19103F-16F7-4668-BE54-9A1E7A4F7556}") = "R5T.Guide", "..\..\R5T.Guide\source\R5T.Guide\R5T.Guide.csproj", "{D4C551C0-7DDF-40F6-BEB9-43B8444F0D7D}"
EndProject
Project("{9A19103F-16F7-4668-BE54-9A1E7A4F7556}") = "R5T.Philippi", "..\..\R5T.Philippi\source\R5T.Philippi\R5T.Philippi.csproj", "{E6677A11-0516-41DE-8929-A14B53036B7A}"
EndProject
Project("{9A19103F-16F7-4668-BE54-9A1E7A4F7556}") = "R5T.Sparta.Types", "..\..\R5T.Sparta.Types\source\R5T.Sparta.Types\R5T.Sparta.Types.csproj", "{421DC0E5-B9DE-4CA0-AC33-2D50AFDE5BAA}"
EndProject
Project("{9A19103F-16F7-4668-BE54-9A1E7A4F7556}") = "R5T.Stagira", "..\..\R5T.Stagira\source\R5T.Stagira\R5T.Stagira.csproj", "{3C006BE2-94F9-4332-8CAE-9E168445767E}"
EndProject
Project("{9A19103F-16F7-4668-BE54-9A1E7A4F7556}") = "R5T.Lockerbie.Base", "..\..\R5T.Lockerbie.Base\source\R5T.Lockerbie.Base\R5T.Lockerbie.Base.csproj", "{C8BEFF67-6ED1-41A0-8ED1-B2841398C921}"
EndProject
Project("{9A19103F-16F7-4668-BE54-9A1E7A4F7556}") = "R5T.Magyar", "..\..\R5T.Magyar\source\R5T.Magyar\R5T.Magyar.csproj", "{88633273-2D8D-4E54-B93C-F3021504AAB0}"
EndProject
Project("{9A19103F-16F7-4668-BE54-9A1E7A4F7556}") = "R5T.Chamavia", "..\..\R5T.Chamavia\source\R5T.Chamavia\R5T.Chamavia.csproj", "{0E0EDA63-287C-4292-999A-AAD04856DB25}"
EndProject
Project("{9A19103F-16F7-4668-BE54-9A1E7A4F7556}") = "R5T.Lombardy.Base", "..\..\R5T.Lombardy.Base\source\R5T.Lombardy.Base\R5T.Lombardy.Base.csproj", "{B451B8CE-4C66-4848-9420-F5FCB85D0A81}"
EndProject
Project("{9A19103F-16F7-4668-BE54-9A1E7A4F7556}") = "R5T.Dufftown.Base", "..\..\R5T.Dufftown.Base\source\R5T.Dufftown.Base\R5T.Dufftown.Base.csproj", "{5B26D013-8D1F-4D55-B53A-90C76ACD2403}"
EndProject
Global
	GlobalSection(SolutionConfigurationPlatforms) = preSolution
		Debug|Any CPU = Debug|Any CPU
		Debug|x64 = Debug|x64
		Debug|x86 = Debug|x86
		Release|Any CPU = Release|Any CPU
		Release|x64 = Release|x64
		Release|x86 = Release|x86
	EndGlobalSection
	GlobalSection(ProjectConfigurationPlatforms) = postSolution
		{30E6C5FA-DE47-425D-A72B-AEC813152ADA}.Debug|Any CPU.ActiveCfg = Debug|Any CPU
		{30E6C5FA-DE47-425D-A72B-AEC813152ADA}.Debug|Any CPU.Build.0 = Debug|Any CPU
		{30E6C5FA-DE47-425D-A72B-AEC813152ADA}.Debug|x64.ActiveCfg = Debug|Any CPU
		{30E6C5FA-DE47-425D-A72B-AEC813152ADA}.Debug|x64.Build.0 = Debug|Any CPU
		{30E6C5FA-DE47-425D-A72B-AEC813152ADA}.Debug|x86.ActiveCfg = Debug|Any CPU
		{30E6C5FA-DE47-425D-A72B-AEC813152ADA}.Debug|x86.Build.0 = Debug|Any CPU
		{30E6C5FA-DE47-425D-A72B-AEC813152ADA}.Release|Any CPU.ActiveCfg = Release|Any CPU
		{30E6C5FA-DE47-425D-A72B-AEC813152ADA}.Release|Any CPU.Build.0 = Release|Any CPU
		{30E6C5FA-DE47-425D-A72B-AEC813152ADA}.Release|x64.ActiveCfg = Release|Any CPU
		{30E6C5FA-DE47-425D-A72B-AEC813152ADA}.Release|x64.Build.0 = Release|Any CPU
		{30E6C5FA-DE47-425D-A72B-AEC813152ADA}.Release|x86.ActiveCfg = Release|Any CPU
		{30E6C5FA-DE47-425D-A72B-AEC813152ADA}.Release|x86.Build.0 = Release|Any CPU
		{657C77EC-91F2-42A3-A053-C7AF17E9CA63}.Debug|Any CPU.ActiveCfg = Debug|Any CPU
		{657C77EC-91F2-42A3-A053-C7AF17E9CA63}.Debug|Any CPU.Build.0 = Debug|Any CPU
		{657C77EC-91F2-42A3-A053-C7AF17E9CA63}.Debug|x64.ActiveCfg = Debug|Any CPU
		{657C77EC-91F2-42A3-A053-C7AF17E9CA63}.Debug|x64.Build.0 = Debug|Any CPU
		{657C77EC-91F2-42A3-A053-C7AF17E9CA63}.Debug|x86.ActiveCfg = Debug|Any CPU
		{657C77EC-91F2-42A3-A053-C7AF17E9CA63}.Debug|x86.Build.0 = Debug|Any CPU
		{657C77EC-91F2-42A3-A053-C7AF17E9CA63}.Release|Any CPU.ActiveCfg = Release|Any CPU
		{657C77EC-91F2-42A3-A053-C7AF17E9CA63}.Release|Any CPU.Build.0 = Release|Any CPU
		{657C77EC-91F2-42A3-A053-C7AF17E9CA63}.Release|x64.ActiveCfg = Release|Any CPU
		{657C77EC-91F2-42A3-A053-C7AF17E9CA63}.Release|x64.Build.0 = Release|Any CPU
		{657C77EC-91F2-42A3-A053-C7AF17E9CA63}.Release|x86.ActiveCfg = Release|Any CPU
		{657C77EC-91F2-42A3-A053-C7AF17E9CA63}.Release|x86.Build.0 = Release|Any CPU
		{853A4492-87BE-4460-B7C6-B6C2ADF9231B}.Debug|Any CPU.ActiveCfg = Debug|Any CPU
		{853A4492-87BE-4460-B7C6-B6C2ADF9231B}.Debug|Any CPU.Build.0 = Debug|Any CPU
		{853A4492-87BE-4460-B7C6-B6C2ADF9231B}.Debug|x64.ActiveCfg = Debug|Any CPU
		{853A4492-87BE-4460-B7C6-B6C2ADF9231B}.Debug|x64.Build.0 = Debug|Any CPU
		{853A4492-87BE-4460-B7C6-B6C2ADF9231B}.Debug|x86.ActiveCfg = Debug|Any CPU
		{853A4492-87BE-4460-B7C6-B6C2ADF9231B}.Debug|x86.Build.0 = Debug|Any CPU
		{853A4492-87BE-4460-B7C6-B6C2ADF9231B}.Release|Any CPU.ActiveCfg = Release|Any CPU
		{853A4492-87BE-4460-B7C6-B6C2ADF9231B}.Release|Any CPU.Build.0 = Release|Any CPU
		{853A4492-87BE-4460-B7C6-B6C2ADF9231B}.Release|x64.ActiveCfg = Release|Any CPU
		{853A4492-87BE-4460-B7C6-B6C2ADF9231B}.Release|x64.Build.0 = Release|Any CPU
		{853A4492-87BE-4460-B7C6-B6C2ADF9231B}.Release|x86.ActiveCfg = Release|Any CPU
		{853A4492-87BE-4460-B7C6-B6C2ADF9231B}.Release|x86.Build.0 = Release|Any CPU
		{FD837E30-E1E7-4100-B00C-021E260239DE}.Debug|Any CPU.ActiveCfg = Debug|Any CPU
		{FD837E30-E1E7-4100-B00C-021E260239DE}.Debug|Any CPU.Build.0 = Debug|Any CPU
		{FD837E30-E1E7-4100-B00C-021E260239DE}.Debug|x64.ActiveCfg = Debug|Any CPU
		{FD837E30-E1E7-4100-B00C-021E260239DE}.Debug|x64.Build.0 = Debug|Any CPU
		{FD837E30-E1E7-4100-B00C-021E260239DE}.Debug|x86.ActiveCfg = Debug|Any CPU
		{FD837E30-E1E7-4100-B00C-021E260239DE}.Debug|x86.Build.0 = Debug|Any CPU
		{FD837E30-E1E7-4100-B00C-021E260239DE}.Release|Any CPU.ActiveCfg = Release|Any CPU
		{FD837E30-E1E7-4100-B00C-021E260239DE}.Release|Any CPU.Build.0 = Release|Any CPU
		{FD837E30-E1E7-4100-B00C-021E260239DE}.Release|x64.ActiveCfg = Release|Any CPU
		{FD837E30-E1E7-4100-B00C-021E260239DE}.Release|x64.Build.0 = Release|Any CPU
		{FD837E30-E1E7-4100-B00C-021E260239DE}.Release|x86.ActiveCfg = Release|Any CPU
		{FD837E30-E1E7-4100-B00C-021E260239DE}.Release|x86.Build.0 = Release|Any CPU
		{70BF711A-68BF-40BB-A207-A44A0492A855}.Debug|Any CPU.ActiveCfg = Debug|Any CPU
		{70BF711A-68BF-40BB-A207-A44A0492A855}.Debug|Any CPU.Build.0 = Debug|Any CPU
		{70BF711A-68BF-40BB-A207-A44A0492A855}.Debug|x64.ActiveCfg = Debug|Any CPU
		{70BF711A-68BF-40BB-A207-A44A0492A855}.Debug|x64.Build.0 = Debug|Any CPU
		{70BF711A-68BF-40BB-A207-A44A0492A855}.Debug|x86.ActiveCfg = Debug|Any CPU
		{70BF711A-68BF-40BB-A207-A44A0492A855}.Debug|x86.Build.0 = Debug|Any CPU
		{70BF711A-68BF-40BB-A207-A44A0492A855}.Release|Any CPU.ActiveCfg = Release|Any CPU
		{70BF711A-68BF-40BB-A207-A44A0492A855}.Release|Any CPU.Build.0 = Release|Any CPU
		{70BF711A-68BF-40BB-A207-A44A0492A855}.Release|x64.ActiveCfg = Release|Any CPU
		{70BF711A-68BF-40BB-A207-A44A0492A855}.Release|x64.Build.0 = Release|Any CPU
		{70BF711A-68BF-40BB-A207-A44A0492A855}.Release|x86.ActiveCfg = Release|Any CPU
		{70BF711A-68BF-40BB-A207-A44A0492A855}.Release|x86.Build.0 = Release|Any CPU
		{D4C551C0-7DDF-40F6-BEB9-43B8444F0D7D}.Debug|Any CPU.ActiveCfg = Debug|Any CPU
		{D4C551C0-7DDF-40F6-BEB9-43B8444F0D7D}.Debug|Any CPU.Build.0 = Debug|Any CPU
		{D4C551C0-7DDF-40F6-BEB9-43B8444F0D7D}.Debug|x64.ActiveCfg = Debug|Any CPU
		{D4C551C0-7DDF-40F6-BEB9-43B8444F0D7D}.Debug|x64.Build.0 = Debug|Any CPU
		{D4C551C0-7DDF-40F6-BEB9-43B8444F0D7D}.Debug|x86.ActiveCfg = Debug|Any CPU
		{D4C551C0-7DDF-40F6-BEB9-43B8444F0D7D}.Debug|x86.Build.0 = Debug|Any CPU
		{D4C551C0-7DDF-40F6-BEB9-43B8444F0D7D}.Release|Any CPU.ActiveCfg = Release|Any CPU
		{D4C551C0-7DDF-40F6-BEB9-43B8444F0D7D}.Release|Any CPU.Build.0 = Release|Any CPU
		{D4C551C0-7DDF-40F6-BEB9-43B8444F0D7D}.Release|x64.ActiveCfg = Release|Any CPU
		{D4C551C0-7DDF-40F6-BEB9-43B8444F0D7D}.Release|x64.Build.0 = Release|Any CPU
		{D4C551C0-7DDF-40F6-BEB9-43B8444F0D7D}.Release|x86.ActiveCfg = Release|Any CPU
		{D4C551C0-7DDF-40F6-BEB9-43B8444F0D7D}.Release|x86.Build.0 = Release|Any CPU
		{E6677A11-0516-41DE-8929-A14B53036B7A}.Debug|Any CPU.ActiveCfg = Debug|Any CPU
		{E6677A11-0516-41DE-8929-A14B53036B7A}.Debug|Any CPU.Build.0 = Debug|Any CPU
		{E6677A11-0516-41DE-8929-A14B53036B7A}.Debug|x64.ActiveCfg = Debug|Any CPU
		{E6677A11-0516-41DE-8929-A14B53036B7A}.Debug|x64.Build.0 = Debug|Any CPU
		{E6677A11-0516-41DE-8929-A14B53036B7A}.Debug|x86.ActiveCfg = Debug|Any CPU
		{E6677A11-0516-41DE-8929-A14B53036B7A}.Debug|x86.Build.0 = Debug|Any CPU
		{E6677A11-0516-41DE-8929-A14B53036B7A}.Release|Any CPU.ActiveCfg = Release|Any CPU
		{E6677A11-0516-41DE-8929-A14B53036B7A}.Release|Any CPU.Build.0 = Release|Any CPU
		{E6677A11-0516-41DE-8929-A14B53036B7A}.Release|x64.ActiveCfg = Release|Any CPU
		{E6677A11-0516-41DE-8929-A14B53036B7A}.Release|x64.Build.0 = Release|Any CPU
		{E6677A11-0516-41DE-8929-A14B53036B7A}.Release|x86.ActiveCfg = Release|Any CPU
		{E6677A11-0516-41DE-8929-A14B53036B7A}.Release|x86.Build.0 = Release|Any CPU
		{421DC0E5-B9DE-4CA0-AC33-2D50AFDE5BAA}.Debug|Any CPU.ActiveCfg = Debug|Any CPU
		{421DC0E5-B9DE-4CA0-AC33-2D50AFDE5BAA}.Debug|Any CPU.Build.0 = Debug|Any CPU
		{421DC0E5-B9DE-4CA0-AC33-2D50AFDE5BAA}.Debug|x64.ActiveCfg = Debug|Any CPU
		{421DC0E5-B9DE-4CA0-AC33-2D50AFDE5BAA}.Debug|x64.Build.0 = Debug|Any CPU
		{421DC0E5-B9DE-4CA0-AC33-2D50AFDE5BAA}.Debug|x86.ActiveCfg = Debug|Any CPU
		{421DC0E5-B9DE-4CA0-AC33-2D50AFDE5BAA}.Debug|x86.Build.0 = Debug|Any CPU
		{421DC0E5-B9DE-4CA0-AC33-2D50AFDE5BAA}.Release|Any CPU.ActiveCfg = Release|Any CPU
		{421DC0E5-B9DE-4CA0-AC33-2D50AFDE5BAA}.Release|Any CPU.Build.0 = Release|Any CPU
		{421DC0E5-B9DE-4CA0-AC33-2D50AFDE5BAA}.Release|x64.ActiveCfg = Release|Any CPU
		{421DC0E5-B9DE-4CA0-AC33-2D50AFDE5BAA}.Release|x64.Build.0 = Release|Any CPU
		{421DC0E5-B9DE-4CA0-AC33-2D50AFDE5BAA}.Release|x86.ActiveCfg = Release|Any CPU
		{421DC0E5-B9DE-4CA0-AC33-2D50AFDE5BAA}.Release|x86.Build.0 = Release|Any CPU
		{3C006BE2-94F9-4332-8CAE-9E168445767E}.Debug|Any CPU.ActiveCfg = Debug|Any CPU
		{3C006BE2-94F9-4332-8CAE-9E168445767E}.Debug|Any CPU.Build.0 = Debug|Any CPU
		{3C006BE2-94F9-4332-8CAE-9E168445767E}.Debug|x64.ActiveCfg = Debug|Any CPU
		{3C006BE2-94F9-4332-8CAE-9E168445767E}.Debug|x64.Build.0 = Debug|Any CPU
		{3C006BE2-94F9-4332-8CAE-9E168445767E}.Debug|x86.ActiveCfg = Debug|Any CPU
		{3C006BE2-94F9-4332-8CAE-9E168445767E}.Debug|x86.Build.0 = Debug|Any CPU
		{3C006BE2-94F9-4332-8CAE-9E168445767E}.Release|Any CPU.ActiveCfg = Release|Any CPU
		{3C006BE2-94F9-4332-8CAE-9E168445767E}.Release|Any CPU.Build.0 = Release|Any CPU
		{3C006BE2-94F9-4332-8CAE-9E168445767E}.Release|x64.ActiveCfg = Release|Any CPU
		{3C006BE2-94F9-4332-8CAE-9E168445767E}.Release|x64.Build.0 = Release|Any CPU
		{3C006BE2-94F9-4332-8CAE-9E168445767E}.Release|x86.ActiveCfg = Release|Any CPU
		{3C006BE2-94F9-4332-8CAE-9E168445767E}.Release|x86.Build.0 = Release|Any CPU
		{C8BEFF67-6ED1-41A0-8ED1-B2841398C921}.Debug|Any CPU.ActiveCfg = Debug|Any CPU
		{C8BEFF67-6ED1-41A0-8ED1-B2841398C921}.Debug|Any CPU.Build.0 = Debug|Any CPU
		{C8BEFF67-6ED1-41A0-8ED1-B2841398C921}.Debug|x64.ActiveCfg = Debug|Any CPU
		{C8BEFF67-6ED1-41A0-8ED1-B2841398C921}.Debug|x64.Build.0 = Debug|Any CPU
		{C8BEFF67-6ED1-41A0-8ED1-B2841398C921}.Debug|x86.ActiveCfg = Debug|Any CPU
		{C8BEFF67-6ED1-41A0-8ED1-B2841398C921}.Debug|x86.Build.0 = Debug|Any CPU
		{C8BEFF67-6ED1-41A0-8ED1-B2841398C921}.Release|Any CPU.ActiveCfg = Release|Any CPU
		{C8BEFF67-6ED1-41A0-8ED1-B2841398C921}.Release|Any CPU.Build.0 = Release|Any CPU
		{C8BEFF67-6ED1-41A0-8ED1-B2841398C921}.Release|x64.ActiveCfg = Release|Any CPU
		{C8BEFF67-6ED1-41A0-8ED1-B2841398C921}.Release|x64.Build.0 = Release|Any CPU
		{C8BEFF67-6ED1-41A0-8ED1-B2841398C921}.Release|x86.ActiveCfg = Release|Any CPU
		{C8BEFF67-6ED1-41A0-8ED1-B2841398C921}.Release|x86.Build.0 = Release|Any CPU
		{88633273-2D8D-4E54-B93C-F3021504AAB0}.Debug|Any CPU.ActiveCfg = Debug|Any CPU
		{88633273-2D8D-4E54-B93C-F3021504AAB0}.Debug|Any CPU.Build.0 = Debug|Any CPU
		{88633273-2D8D-4E54-B93C-F3021504AAB0}.Debug|x64.ActiveCfg = Debug|Any CPU
		{88633273-2D8D-4E54-B93C-F3021504AAB0}.Debug|x64.Build.0 = Debug|Any CPU
		{88633273-2D8D-4E54-B93C-F3021504AAB0}.Debug|x86.ActiveCfg = Debug|Any CPU
		{88633273-2D8D-4E54-B93C-F3021504AAB0}.Debug|x86.Build.0 = Debug|Any CPU
		{88633273-2D8D-4E54-B93C-F3021504AAB0}.Release|Any CPU.ActiveCfg = Release|Any CPU
		{88633273-2D8D-4E54-B93C-F3021504AAB0}.Release|Any CPU.Build.0 = Release|Any CPU
		{88633273-2D8D-4E54-B93C-F3021504AAB0}.Release|x64.ActiveCfg = Release|Any CPU
		{88633273-2D8D-4E54-B93C-F3021504AAB0}.Release|x64.Build.0 = Release|Any CPU
		{88633273-2D8D-4E54-B93C-F3021504AAB0}.Release|x86.ActiveCfg = Release|Any CPU
		{88633273-2D8D-4E54-B93C-F3021504AAB0}.Release|x86.Build.0 = Release|Any CPU
		{0E0EDA63-287C-4292-999A-AAD04856DB25}.Debug|Any CPU.ActiveCfg = Debug|Any CPU
		{0E0EDA63-287C-4292-999A-AAD04856DB25}.Debug|Any CPU.Build.0 = Debug|Any CPU
		{0E0EDA63-287C-4292-999A-AAD04856DB25}.Debug|x64.ActiveCfg = Debug|Any CPU
		{0E0EDA63-287C-4292-999A-AAD04856DB25}.Debug|x64.Build.0 = Debug|Any CPU
		{0E0EDA63-287C-4292-999A-AAD04856DB25}.Debug|x86.ActiveCfg = Debug|Any CPU
		{0E0EDA63-287C-4292-999A-AAD04856DB25}.Debug|x86.Build.0 = Debug|Any CPU
		{0E0EDA63-287C-4292-999A-AAD04856DB25}.Release|Any CPU.ActiveCfg = Release|Any CPU
		{0E0EDA63-287C-4292-999A-AAD04856DB25}.Release|Any CPU.Build.0 = Release|Any CPU
		{0E0EDA63-287C-4292-999A-AAD04856DB25}.Release|x64.ActiveCfg = Release|Any CPU
		{0E0EDA63-287C-4292-999A-AAD04856DB25}.Release|x64.Build.0 = Release|Any CPU
		{0E0EDA63-287C-4292-999A-AAD04856DB25}.Release|x86.ActiveCfg = Release|Any CPU
		{0E0EDA63-287C-4292-999A-AAD04856DB25}.Release|x86.Build.0 = Release|Any CPU
		{B451B8CE-4C66-4848-9420-F5FCB85D0A81}.Debug|Any CPU.ActiveCfg = Debug|Any CPU
		{B451B8CE-4C66-4848-9420-F5FCB85D0A81}.Debug|Any CPU.Build.0 = Debug|Any CPU
		{B451B8CE-4C66-4848-9420-F5FCB85D0A81}.Debug|x64.ActiveCfg = Debug|Any CPU
		{B451B8CE-4C66-4848-9420-F5FCB85D0A81}.Debug|x64.Build.0 = Debug|Any CPU
		{B451B8CE-4C66-4848-9420-F5FCB85D0A81}.Debug|x86.ActiveCfg = Debug|Any CPU
		{B451B8CE-4C66-4848-9420-F5FCB85D0A81}.Debug|x86.Build.0 = Debug|Any CPU
		{B451B8CE-4C66-4848-9420-F5FCB85D0A81}.Release|Any CPU.ActiveCfg = Release|Any CPU
		{B451B8CE-4C66-4848-9420-F5FCB85D0A81}.Release|Any CPU.Build.0 = Release|Any CPU
		{B451B8CE-4C66-4848-9420-F5FCB85D0A81}.Release|x64.ActiveCfg = Release|Any CPU
		{B451B8CE-4C66-4848-9420-F5FCB85D0A81}.Release|x64.Build.0 = Release|Any CPU
		{B451B8CE-4C66-4848-9420-F5FCB85D0A81}.Release|x86.ActiveCfg = Release|Any CPU
		{B451B8CE-4C66-4848-9420-F5FCB85D0A81}.Release|x86.Build.0 = Release|Any CPU
		{5B26D013-8D1F-4D55-B53A-90C76ACD2403}.Debug|Any CPU.ActiveCfg = Debug|Any CPU
		{5B26D013-8D1F-4D55-B53A-90C76ACD2403}.Debug|Any CPU.Build.0 = Debug|Any CPU
		{5B26D013-8D1F-4D55-B53A-90C76ACD2403}.Debug|x64.ActiveCfg = Debug|Any CPU
		{5B26D013-8D1F-4D55-B53A-90C76ACD2403}.Debug|x64.Build.0 = Debug|Any CPU
		{5B26D013-8D1F-4D55-B53A-90C76ACD2403}.Debug|x86.ActiveCfg = Debug|Any CPU
		{5B26D013-8D1F-4D55-B53A-90C76ACD2403}.Debug|x86.Build.0 = Debug|Any CPU
		{5B26D013-8D1F-4D55-B53A-90C76ACD2403}.Release|Any CPU.ActiveCfg = Release|Any CPU
		{5B26D013-8D1F-4D55-B53A-90C76ACD2403}.Release|Any CPU.Build.0 = Release|Any CPU
		{5B26D013-8D1F-4D55-B53A-90C76ACD2403}.Release|x64.ActiveCfg = Release|Any CPU
		{5B26D013-8D1F-4D55-B53A-90C76ACD2403}.Release|x64.Build.0 = Release|Any CPU
		{5B26D013-8D1F-4D55-B53A-90C76ACD2403}.Release|x86.ActiveCfg = Release|Any CPU
		{5B26D013-8D1F-4D55-B53A-90C76ACD2403}.Release|x86.Build.0 = Release|Any CPU
	EndGlobalSection
	GlobalSection(SolutionProperties) = preSolution
		HideSolutionNode = FALSE
	EndGlobalSection
	GlobalSection(NestedProjects) = preSolution
		{FD837E30-E1E7-4100-B00C-021E260239DE} = {C026A6D1-61C3-48BC-BDF6-4DA28760EDE3}
		{70BF711A-68BF-40BB-A207-A44A0492A855} = {C026A6D1-61C3-48BC-BDF6-4DA28760EDE3}
		{D4C551C0-7DDF-40F6-BEB9-43B8444F0D7D} = {C026A6D1-61C3-48BC-BDF6-4DA28760EDE3}
		{E6677A11-0516-41DE-8929-A14B53036B7A} = {C026A6D1-61C3-48BC-BDF6-4DA28760EDE3}
		{421DC0E5-B9DE-4CA0-AC33-2D50AFDE5BAA} = {C026A6D1-61C3-48BC-BDF6-4DA28760EDE3}
		{3C006BE2-94F9-4332-8CAE-9E168445767E} = {C026A6D1-61C3-48BC-BDF6-4DA28760EDE3}
		{C8BEFF67-6ED1-41A0-8ED1-B2841398C921} = {C026A6D1-61C3-48BC-BDF6-4DA28760EDE3}
		{88633273-2D8D-4E54-B93C-F3021504AAB0} = {C026A6D1-61C3-48BC-BDF6-4DA28760EDE3}
		{0E0EDA63-287C-4292-999A-AAD04856DB25} = {C026A6D1-61C3-48BC-BDF6-4DA28760EDE3}
		{B451B8CE-4C66-4848-9420-F5FCB85D0A81} = {C026A6D1-61C3-48BC-BDF6-4DA28760EDE3}
		{5B26D013-8D1F-4D55-B53A-90C76ACD2403} = {C026A6D1-61C3-48BC-BDF6-4DA28760EDE3}
	EndGlobalSection
	GlobalSection(ExtensibilityGlobals) = postSolution
		SolutionGuid = {00B3827A-76AD-41FC-9E87-5B5A8D846A24}
	EndGlobalSection
EndGlobal
